
Microsoft Visual Studio Solution File, Format Version 12.00
# Visual Studio Version 17
VisualStudioVersion = 17.14.36109.1 d17.14
MinimumVisualStudioVersion = 10.0.40219.1
Project("{FAE04EC0-301F-11D3-BF4B-00C04F79EFBC}") = "ActivatorBenchmarks", "ActivatorBenchmarks.csproj", "{82C70D2A-09C2-4A84-9DE7-954DFCFEA9AE}"
EndProject
Global
	GlobalSection(SolutionConfigurationPlatforms) = preSolution
		Debug|Any CPU = Debug|Any CPU
		Release|Any CPU = Release|Any CPU
	EndGlobalSection
	GlobalSection(ProjectConfigurationPlatforms) = postSolution
		{82C70D2A-09C2-4A84-9DE7-954DFCFEA9AE}.Debug|Any CPU.ActiveCfg = Debug|Any CPU
		{82C70D2A-09C2-4A84-9DE7-954DFCFEA9AE}.Debug|Any CPU.Build.0 = Debug|Any CPU
		{82C70D2A-09C2-4A84-9DE7-954DFCFEA9AE}.Release|Any CPU.ActiveCfg = Release|Any CPU
		{82C70D2A-09C2-4A84-9DE7-954DFCFEA9AE}.Release|Any CPU.Build.0 = Release|Any CPU
	EndGlobalSection
	GlobalSection(SolutionProperties) = preSolution
		HideSolutionNode = FALSE
	EndGlobalSection
	GlobalSection(ExtensibilityGlobals) = postSolution
		SolutionGuid = {677A3262-9A24-42B1-8262-E87F2525D167}
	EndGlobalSection
EndGlobal
